lockfileVersion: '9.0'

settings:
  autoInstallPeers: true
  excludeLinksFromLockfile: false

importers:

  .:
    devDependencies:
      '@deepseek-ai/dsh-web':
        specifier: 0.2.0-rc.1
        version: 0.2.0-rc.1(@deepseek-ai/cordis@4.0.4)(@deepseek-ai/dsh-llm@0.2.0-rc.1(@deepseek-ai/cordis@4.0.4))

packages:

  '@deepseek-ai/cordis@4.0.4':
    resolution: {integrity: sha512-obgyxqWAmFn3Re8kvsuUnyW+ihrz6eJCnJO4fh1cQzDtmPYz/zzVeUkH9R94I0OwSVOocK67Kgakm04j/oQXzg==}
    hasBin: true
    peerDependencies:
      '@deepseek-ai/cordis-plugin-include': ~1.0.9
      '@deepseek-ai/cordis-plugin-loader': ~1.0.5
    peerDependenciesMeta:
      '@deepseek-ai/cordis-plugin-include':
        optional: true
      '@deepseek-ai/cordis-plugin-loader':
        optional: true

  '@deepseek-ai/cosmokit@1.8.5':
    resolution: {integrity: sha512-LXsrlem9z8dq4sLflj2yuCuYX7KqhdzF5hZly3eZyuTo8d6oDSOXuEgC5DbQWKW+lksm6zmOutQLsP/ma6wR6A==}

  '@deepseek-ai/dsh-brand@0.2.0-rc.1':
    resolution: {integrity: sha512-TPeMaUt/Xev0X2TfIf6pSVVGiWAbFHy+VWCIW+w8UkC0yH1ep9302JQOBqhUgefAM4s/3W1R8lra/PMbFhjx2w==}
    peerDependencies:
      '@deepseek-ai/cordis': ~4.0.4

  '@deepseek-ai/dsh-llm@0.2.0-rc.1':
    resolution: {integrity: sha512-F5ZlBG8z8o5PfEWeEF/PN9t/A1N/oEErvqmpqE4J8f9mJR85DvBdV+rjDs7OjAbMJsJ8INjkbroruG5NNKDg5A==}
    peerDependencies:
      '@deepseek-ai/cordis': ~4.0.4

  '@deepseek-ai/dsh-timeout@0.2.0-rc.1':
    resolution: {integrity: sha512-SQpvDLIPU0EJP1lbphfuEkLrvnX+CE9u9ym1+L5z/8dYe9BCPbhgjQoRvDnyzKZqFyoXVvZFdqdAADlc6DX7Ig==}
    peerDependencies:
      '@deepseek-ai/cordis': ~4.0.4

  '@deepseek-ai/dsh-typert-protocol@0.2.0-rc.1':
    resolution: {integrity: sha512-MhpeimGP6E3MqSESLm32OmPgx5aNUG7yCJCgcIFw7XBWhQmKB9fU3CWuUxxbWZeC7eWkdJ93AG2ww/Qu6QWW9A==}
    peerDependencies:
      '@deepseek-ai/cordis': ~4.0.4

  '@deepseek-ai/dsh-util-crypto@0.2.0-rc.1':
    resolution: {integrity: sha512-BLBQVRGBlzhNprSpREiMDi1JwX0X8jKdEPWiVRKBnttlG9d33j1pLsaiH9HHLY/D10lXX/NagGia/Zz9mW4FBA==}
    peerDependencies:
      '@deepseek-ai/cordis': ~4.0.4

  '@deepseek-ai/dsh-util-values@0.2.0-rc.1':
    resolution: {integrity: sha512-Eh1HH0LFvztBwU2xotdfW5oCwLlWGjK2ygCC5+PnC3tkSDh9gvVQpEf0ezK+Kk6vpLz117V7VPehhR1+gs90+Q==}
    peerDependencies:
      '@deepseek-ai/cordis': ~4.0.4

  '@deepseek-ai/dsh-web@0.2.0-rc.1':
    resolution: {integrity: sha512-tqCgrF1/vrBxmsn3pWTob9n+/Es1rNlzIuDJu1NAc4XvZz9uzuJlspwEHnG+cqvJsBSKVoEotLC7h4LDUldJoA==}
    peerDependencies:
      '@deepseek-ai/cordis': ~4.0.4
      '@deepseek-ai/dsh-llm': 0.2.0-rc.1

  '@deepseek-ai/schemastery@3.18.4':
    resolution: {integrity: sha512-SSXO6tYuyrIqKVbmOnIq0s+riUywYzouFMcnBluHF9n4KMo2G8HvEzhCYj6pj2617/glOjbJuVInJ9hfONsjkg==}

  '@standard-schema/spec@1.1.0':
    resolution: {integrity: sha512-l2aFy5jALhniG5HgqrD6jXLi/rUWrKvqN/qJx6yoJsgKhblVd+iqqU4RCXavm/jPityDo5TCvKMnpjKnOriy0w==}

  zod@4.6.5:
    resolution: {integrity: sha512-v5l/aFXZQeai4awLbOpSoHecE9UiMrnfx75tEXLjNonXVARxQ5mOeipTjROUchszUNCqnE+hqAMujRsRHsut2Q==}

snapshots:

  '@deepseek-ai/cordis@4.0.4':
    dependencies:
      '@deepseek-ai/cosmokit': 1.8.5
      '@standard-schema/spec': 1.1.0

  '@deepseek-ai/cosmokit@1.8.5': {}

  '@deepseek-ai/dsh-brand@0.2.0-rc.1(@deepseek-ai/cordis@4.0.4)':
    dependencies:
      '@deepseek-ai/cordis': 4.0.4

  '@deepseek-ai/dsh-llm@0.2.0-rc.1(@deepseek-ai/cordis@4.0.4)':
    dependencies:
      '@deepseek-ai/cordis': 4.0.4
      '@deepseek-ai/dsh-brand': 0.2.0-rc.1(@deepseek-ai/cordis@4.0.4)
      '@deepseek-ai/dsh-timeout': 0.2.0-rc.1(@deepseek-ai/cordis@4.0.4)
      '@deepseek-ai/dsh-typert-protocol': 0.2.0-rc.1(@deepseek-ai/cordis@4.0.4)
      '@deepseek-ai/dsh-util-crypto': 0.2.0-rc.1(@deepseek-ai/cordis@4.0.4)
      '@deepseek-ai/dsh-util-values': 0.2.0-rc.1(@deepseek-ai/cordis@4.0.4)
      '@deepseek-ai/schemastery': 3.18.4
      zod: 4.6.5

  '@deepseek-ai/dsh-timeout@0.2.0-rc.1(@deepseek-ai/cordis@4.0.4)':
    dependencies:
      '@deepseek-ai/cordis': 4.0.4

  '@deepseek-ai/dsh-typert-protocol@0.2.0-rc.1(@deepseek-ai/cordis@4.0.4)':
    dependencies:
      '@deepseek-ai/cordis': 4.0.4
      '@deepseek-ai/dsh-brand': 0.2.0-rc.1(@deepseek-ai/cordis@4.0.4)

  '@deepseek-ai/dsh-util-crypto@0.2.0-rc.1(@deepseek-ai/cordis@4.0.4)':
    dependencies:
      '@deepseek-ai/cordis': 4.0.4

  '@deepseek-ai/dsh-util-values@0.2.0-rc.1(@deepseek-ai/cordis@4.0.4)':
    dependencies:
      '@deepseek-ai/cordis': 4.0.4

  '@deepseek-ai/dsh-web@0.2.0-rc.1(@deepseek-ai/cordis@4.0.4)(@deepseek-ai/dsh-llm@0.2.0-rc.1(@deepseek-ai/cordis@4.0.4))':
    dependencies:
      '@deepseek-ai/cordis': 4.0.4
      '@deepseek-ai/dsh-llm': 0.2.0-rc.1(@deepseek-ai/cordis@4.0.4)
      '@deepseek-ai/schemastery': 3.18.4

  '@deepseek-ai/schemastery@3.18.4':
    dependencies:
      '@deepseek-ai/cosmokit': 1.8.5
      '@standard-schema/spec': 1.1.0

  '@standard-schema/spec@1.1.0': {}

  zod@4.6.5: {}
